{
  "name": "daydream-travel",
  "version": "1.0.0",
  "lockfileVersion": 1,
  "requires": true,
  "dependencies": {
    "jsbn": {
      "version": "1.1.0",
      "resolved": "https://registry.npmjs.org/jsbn/-/jsbn-1.1.0.tgz",
      "integrity": "sha512-4bYVV3aAMtDTTu4+xsDYa6sy9GyJ69/amsu9sYF2zqjiEoZA5xJi3BrfX3uY+/IekIu7MwdObdbDWpoZdBv3/A=="
    },
    "miniprogram-sm-crypto": {
      "version": "0.3.13",
      "resolved": "https://registry.npmjs.org/miniprogram-sm-crypto/-/miniprogram-sm-crypto-0.3.13.tgz",
      "integrity": "sha512-H7qwbCEmIXZzekCSgEWeHh1mb4cnz0E42YH3U5xqpOaJBB2Sj9ySq0hTGv0f+Jwo5SknABR6fw+EtjnMyJ/O/Q==",
      "requires": {
        "jsbn": "^1.1.0"
      }
    }
  }
}
